
Microsoft Visual Studio Solution File, Format Version 12.00
# Visual Studio Version 17
VisualStudioVersion = 17.14.36121.58
MinimumVisualStudioVersion = 10.0.40219.1
Project("{FAE04EC0-301F-11D3-BF4B-00C04F79EFBC}") = "DVLD Presentaion-Layer", "DVLD Presentaion-Layer\DVLD Presentaion-Layer.csproj", "{86737CC2-1C9D-4EE2-9C22-440ABD05B02A}"
EndProject
Project("{FAE04EC0-301F-11D3-BF4B-00C04F79EFBC}") = "DVLD Business-Layer", "DVLD Business-Layer\DVLD Business-Layer.csproj", "{2A06B8B6-E5BE-4601-8DA9-DE073988470D}"
EndProject
Project("{FAE04EC0-301F-11D3-BF4B-00C04F79EFBC}") = "DVLD DataAccess-Layer", "DVLD DataAccess-Layer\DVLD DataAccess-Layer.csproj", "{46033864-0FD1-4377-A066-5E4327E38471}"
EndProject
Global
	GlobalSection(SolutionConfigurationPlatforms) = preSolution
		Debug|Any CPU = Debug|Any CPU
		Release|Any CPU = Release|Any CPU
	EndGlobalSection
	GlobalSection(ProjectConfigurationPlatforms) = postSolution
		{86737CC2-1C9D-4EE2-9C22-440ABD05B02A}.Debug|Any CPU.ActiveCfg = Debug|Any CPU
		{86737CC2-1C9D-4EE2-9C22-440ABD05B02A}.Debug|Any CPU.Build.0 = Debug|Any CPU
		{86737CC2-1C9D-4EE2-9C22-440ABD05B02A}.Release|Any CPU.ActiveCfg = Release|Any CPU
		{86737CC2-1C9D-4EE2-9C22-440ABD05B02A}.Release|Any CPU.Build.0 = Release|Any CPU
		{2A06B8B6-E5BE-4601-8DA9-DE073988470D}.Debug|Any CPU.ActiveCfg = Debug|Any CPU
		{2A06B8B6-E5BE-4601-8DA9-DE073988470D}.Debug|Any CPU.Build.0 = Debug|Any CPU
		{2A06B8B6-E5BE-4601-8DA9-DE073988470D}.Release|Any CPU.ActiveCfg = Release|Any CPU
		{2A06B8B6-E5BE-4601-8DA9-DE073988470D}.Release|Any CPU.Build.0 = Release|Any CPU
		{46033864-0FD1-4377-A066-5E4327E38471}.Debug|Any CPU.ActiveCfg = Debug|Any CPU
		{46033864-0FD1-4377-A066-5E4327E38471}.Debug|Any CPU.Build.0 = Debug|Any CPU
		{46033864-0FD1-4377-A066-5E4327E38471}.Release|Any CPU.ActiveCfg = Release|Any CPU
		{46033864-0FD1-4377-A066-5E4327E38471}.Release|Any CPU.Build.0 = Release|Any CPU
	EndGlobalSection
	GlobalSection(SolutionProperties) = preSolution
		HideSolutionNode = FALSE
	EndGlobalSection
	GlobalSection(ExtensibilityGlobals) = postSolution
		SolutionGuid = {3E2B040B-9978-47E3-BCE9-A97E2665F0A9}
	EndGlobalSection
EndGlobal
